
Microsoft Visual Studio Solution File, Format Version 12.00
# Visual Studio 16
Project("{FAE04EC0-301F-11D3-BF4B-00C04F79EFBC}") = "VuforiaScripts", "VuforiaScripts.csproj", "{A524E002-E42F-5F53-824F-2D6E39C5A4A3}"
EndProject
Project("{FAE04EC0-301F-11D3-BF4B-00C04F79EFBC}") = "VuforiaEditorScripts", "VuforiaEditorScripts.csproj", "{74737EB5-C093-152D-EE05-93FB0B561024}"
EndProject
Global
	GlobalSection(SolutionConfigurationPlatforms) = preSolution
		Debug|Any CPU = Debug|Any CPU
		Release|Any CPU = Release|Any CPU
	EndGlobalSection
	GlobalSection(ProjectConfigurationPlatforms) = postSolution
		{A524E002-E42F-5F53-824F-2D6E39C5A4A3}.Debug|Any CPU.ActiveCfg = Debug|Any CPU
		{A524E002-E42F-5F53-824F-2D6E39C5A4A3}.Debug|Any CPU.Build.0 = Debug|Any CPU
		{A524E002-E42F-5F53-824F-2D6E39C5A4A3}.Release|Any CPU.ActiveCfg = Release|Any CPU
		{A524E002-E42F-5F53-824F-2D6E39C5A4A3}.Release|Any CPU.Build.0 = Release|Any CPU
		{74737EB5-C093-152D-EE05-93FB0B561024}.Debug|Any CPU.ActiveCfg = Debug|Any CPU
		{74737EB5-C093-152D-EE05-93FB0B561024}.Debug|Any CPU.Build.0 = Debug|Any CPU
		{74737EB5-C093-152D-EE05-93FB0B561024}.Release|Any CPU.ActiveCfg = Release|Any CPU
		{74737EB5-C093-152D-EE05-93FB0B561024}.Release|Any CPU.Build.0 = Release|Any CPU
	EndGlobalSection
	GlobalSection(SolutionProperties) = preSolution
		HideSolutionNode = FALSE
	EndGlobalSection
	GlobalSection(MonoDevelopProperties) = preSolution
		StartupItem = Assembly-CSharp.csproj
	EndGlobalSection
EndGlobal
